
Microsoft Visual Studio Solution File, Format Version 12.00
# Visual Studio Version 17
VisualStudioVersion = 17.0.31912.275
MinimumVisualStudioVersion = 10.0.40219.1
Project("{9A19103F-16F7-4668-BE54-9A1E7A4F7556}") = "AllSkyCameraConditionService", "AllSkyCamera\AllSkyCameraConditionService.csproj", "{D5B44610-C252-4ADE-A5A5-8C4C7A60E155}"
EndProject
Project("{2150E333-8FDC-42A3-9474-1A3956D46DE8}") = "Solution Items", "Solution Items", "{048FED01-6E92-49A9-A4AD-944C1C295E92}"
	ProjectSection(SolutionItems) = preProject
		.editorconfig = .editorconfig
	EndProjectSection
EndProject
Project("{FAE04EC0-301F-11D3-BF4B-00C04F79EFBC}") = "ASCOM.HyperRouge.ObservingConditions", "ASCOM.HyperRouge.ObservingConditions\ASCOM.HyperRouge.ObservingConditions.csproj", "{64308775-BD4A-469C-BCAB-3ED830B811AF}"
EndProject
Project("{FAE04EC0-301F-11D3-BF4B-00C04F79EFBC}") = "ASCOM.HyperRouge.Model", "ASCOM.HyperRouge.Model\ASCOM.HyperRouge.Model.csproj", "{62A3B7FA-AA7C-42A5-82BC-3E5E54E9CA72}"
EndProject
Project("{FAE04EC0-301F-11D3-BF4B-00C04F79EFBC}") = "ASCOM.HyperRouge.SafetyMonitor", "ASCOM.HyperRouge.SafetyMonitor\ASCOM.HyperRouge.SafetyMonitor.csproj", "{1EFDC8D5-476D-4F5F-816D-A1EA2E7BA711}"
EndProject
Project("{9A19103F-16F7-4668-BE54-9A1E7A4F7556}") = "AllSkyCameraTestPlatform", "AllSkyCameraTestPlatform\AllSkyCameraTestPlatform.csproj", "{0232EBEA-19D5-42DE-8EB7-2DA5968E80EB}"
EndProject
Project("{2150E333-8FDC-42A3-9474-1A3956D46DE8}") = "AllSkyCameraConditions.Service", "AllSkyCameraConditions.Service", "{A8C6E752-5820-4C57-B2ED-C71003679C87}"
EndProject
Project("{2150E333-8FDC-42A3-9474-1A3956D46DE8}") = "ASCOM_Drivers", "ASCOM_Drivers", "{A4BD60FC-CBFB-4D84-AE5D-A89442D9BEB3}"
EndProject
Project("{2150E333-8FDC-42A3-9474-1A3956D46DE8}") = "Misc_Tests", "Misc_Tests", "{5E132742-D72A-499F-87CC-362B4A6586FD}"
EndProject
Project("{2150E333-8FDC-42A3-9474-1A3956D46DE8}") = "AllSkyCameraConditions.Lib", "AllSkyCameraConditions.Lib", "{D83E8B06-0F36-46C0-B3C1-8E1E8261CB37}"
EndProject
Project("{FAE04EC0-301F-11D3-BF4B-00C04F79EFBC}") = "AllSkyCameraConditions.Model", "AllSkyCameraConditions.Model\AllSkyCameraConditions.Model.csproj", "{40C32DD5-6CCE-46DC-B587-72B0CACF15DF}"
EndProject
Project("{FAE04EC0-301F-11D3-BF4B-00C04F79EFBC}") = "AllSkyCameraConditionService.GpioManaging", "AllSkyCameraConditionService.GpioManaging\AllSkyCameraConditionService.GpioManaging.csproj", "{D3A3BE1D-C029-458C-9281-540AD926679C}"
EndProject
Project("{FAE04EC0-301F-11D3-BF4B-00C04F79EFBC}") = "AllSkyCameraConditions.Interfaces", "AllSkyCameraConditions.Interfaces\AllSkyCameraConditions.Interfaces.csproj", "{68ECA06A-94B2-42FE-9951-7D61BA1D733B}"
EndProject
Project("{FAE04EC0-301F-11D3-BF4B-00C04F79EFBC}") = "AllSkyCameraConditions.Services", "AllSkyCameraConditions.Services\AllSkyCameraConditions.Services.csproj", "{BC5E492D-355A-4F17-A976-0AB7B6731DA8}"
EndProject
Global
	GlobalSection(SolutionConfigurationPlatforms) = preSolution
		Debug|Any CPU = Debug|Any CPU
		Debug|x64 = Debug|x64
		Debug|x86 = Debug|x86
		Release|Any CPU = Release|Any CPU
		Release|x64 = Release|x64
		Release|x86 = Release|x86
	EndGlobalSection
	GlobalSection(ProjectConfigurationPlatforms) = postSolution
		{D5B44610-C252-4ADE-A5A5-8C4C7A60E155}.Debug|Any CPU.ActiveCfg = Debug|Any CPU
		{D5B44610-C252-4ADE-A5A5-8C4C7A60E155}.Debug|Any CPU.Build.0 = Debug|Any CPU
		{D5B44610-C252-4ADE-A5A5-8C4C7A60E155}.Debug|x64.ActiveCfg = Debug|x64
		{D5B44610-C252-4ADE-A5A5-8C4C7A60E155}.Debug|x64.Build.0 = Debug|x64
		{D5B44610-C252-4ADE-A5A5-8C4C7A60E155}.Debug|x86.ActiveCfg = Debug|x86
		{D5B44610-C252-4ADE-A5A5-8C4C7A60E155}.Debug|x86.Build.0 = Debug|x86
		{D5B44610-C252-4ADE-A5A5-8C4C7A60E155}.Release|Any CPU.ActiveCfg = Release|Any CPU
		{D5B44610-C252-4ADE-A5A5-8C4C7A60E155}.Release|Any CPU.Build.0 = Release|Any CPU
		{D5B44610-C252-4ADE-A5A5-8C4C7A60E155}.Release|x64.ActiveCfg = Release|x64
		{D5B44610-C252-4ADE-A5A5-8C4C7A60E155}.Release|x64.Build.0 = Release|x64
		{D5B44610-C252-4ADE-A5A5-8C4C7A60E155}.Release|x86.ActiveCfg = Release|x86
		{D5B44610-C252-4ADE-A5A5-8C4C7A60E155}.Release|x86.Build.0 = Release|x86
		{64308775-BD4A-469C-BCAB-3ED830B811AF}.Debug|Any CPU.ActiveCfg = Debug|Any CPU
		{64308775-BD4A-469C-BCAB-3ED830B811AF}.Debug|Any CPU.Build.0 = Debug|Any CPU
		{64308775-BD4A-469C-BCAB-3ED830B811AF}.Debug|x64.ActiveCfg = Debug|Any CPU
		{64308775-BD4A-469C-BCAB-3ED830B811AF}.Debug|x64.Build.0 = Debug|Any CPU
		{64308775-BD4A-469C-BCAB-3ED830B811AF}.Debug|x86.ActiveCfg = Debug|Any CPU
		{64308775-BD4A-469C-BCAB-3ED830B811AF}.Debug|x86.Build.0 = Debug|Any CPU
		{64308775-BD4A-469C-BCAB-3ED830B811AF}.Release|Any CPU.ActiveCfg = Release|Any CPU
		{64308775-BD4A-469C-BCAB-3ED830B811AF}.Release|Any CPU.Build.0 = Release|Any CPU
		{64308775-BD4A-469C-BCAB-3ED830B811AF}.Release|x64.ActiveCfg = Release|Any CPU
		{64308775-BD4A-469C-BCAB-3ED830B811AF}.Release|x64.Build.0 = Release|Any CPU
		{64308775-BD4A-469C-BCAB-3ED830B811AF}.Release|x86.ActiveCfg = Release|Any CPU
		{64308775-BD4A-469C-BCAB-3ED830B811AF}.Release|x86.Build.0 = Release|Any CPU
		{62A3B7FA-AA7C-42A5-82BC-3E5E54E9CA72}.Debug|Any CPU.ActiveCfg = Debug|Any CPU
		{62A3B7FA-AA7C-42A5-82BC-3E5E54E9CA72}.Debug|Any CPU.Build.0 = Debug|Any CPU
		{62A3B7FA-AA7C-42A5-82BC-3E5E54E9CA72}.Debug|x64.ActiveCfg = Debug|Any CPU
		{62A3B7FA-AA7C-42A5-82BC-3E5E54E9CA72}.Debug|x64.Build.0 = Debug|Any CPU
		{62A3B7FA-AA7C-42A5-82BC-3E5E54E9CA72}.Debug|x86.ActiveCfg = Debug|Any CPU
		{62A3B7FA-AA7C-42A5-82BC-3E5E54E9CA72}.Debug|x86.Build.0 = Debug|Any CPU
		{62A3B7FA-AA7C-42A5-82BC-3E5E54E9CA72}.Release|Any CPU.ActiveCfg = Release|Any CPU
		{62A3B7FA-AA7C-42A5-82BC-3E5E54E9CA72}.Release|Any CPU.Build.0 = Release|Any CPU
		{62A3B7FA-AA7C-42A5-82BC-3E5E54E9CA72}.Release|x64.ActiveCfg = Release|Any CPU
		{62A3B7FA-AA7C-42A5-82BC-3E5E54E9CA72}.Release|x64.Build.0 = Release|Any CPU
		{62A3B7FA-AA7C-42A5-82BC-3E5E54E9CA72}.Release|x86.ActiveCfg = Release|Any CPU
		{62A3B7FA-AA7C-42A5-82BC-3E5E54E9CA72}.Release|x86.Build.0 = Release|Any CPU
		{1EFDC8D5-476D-4F5F-816D-A1EA2E7BA711}.Debug|Any CPU.ActiveCfg = Debug|Any CPU
		{1EFDC8D5-476D-4F5F-816D-A1EA2E7BA711}.Debug|Any CPU.Build.0 = Debug|Any CPU
		{1EFDC8D5-476D-4F5F-816D-A1EA2E7BA711}.Debug|x64.ActiveCfg = Debug|Any CPU
		{1EFDC8D5-476D-4F5F-816D-A1EA2E7BA711}.Debug|x64.Build.0 = Debug|Any CPU
		{1EFDC8D5-476D-4F5F-816D-A1EA2E7BA711}.Debug|x86.ActiveCfg = Debug|Any CPU
		{1EFDC8D5-476D-4F5F-816D-A1EA2E7BA711}.Debug|x86.Build.0 = Debug|Any CPU
		{1EFDC8D5-476D-4F5F-816D-A1EA2E7BA711}.Release|Any CPU.ActiveCfg = Release|Any CPU
		{1EFDC8D5-476D-4F5F-816D-A1EA2E7BA711}.Release|Any CPU.Build.0 = Release|Any CPU
		{1EFDC8D5-476D-4F5F-816D-A1EA2E7BA711}.Release|x64.ActiveCfg = Release|Any CPU
		{1EFDC8D5-476D-4F5F-816D-A1EA2E7BA711}.Release|x64.Build.0 = Release|Any CPU
		{1EFDC8D5-476D-4F5F-816D-A1EA2E7BA711}.Release|x86.ActiveCfg = Release|Any CPU
		{1EFDC8D5-476D-4F5F-816D-A1EA2E7BA711}.Release|x86.Build.0 = Release|Any CPU
		{0232EBEA-19D5-42DE-8EB7-2DA5968E80EB}.Debug|Any CPU.ActiveCfg = Debug|Any CPU
		{0232EBEA-19D5-42DE-8EB7-2DA5968E80EB}.Debug|Any CPU.Build.0 = Debug|Any CPU
		{0232EBEA-19D5-42DE-8EB7-2DA5968E80EB}.Debug|x64.ActiveCfg = Debug|Any CPU
		{0232EBEA-19D5-42DE-8EB7-2DA5968E80EB}.Debug|x64.Build.0 = Debug|Any CPU
		{0232EBEA-19D5-42DE-8EB7-2DA5968E80EB}.Debug|x86.ActiveCfg = Debug|Any CPU
		{0232EBEA-19D5-42DE-8EB7-2DA5968E80EB}.Debug|x86.Build.0 = Debug|Any CPU
		{0232EBEA-19D5-42DE-8EB7-2DA5968E80EB}.Release|Any CPU.ActiveCfg = Release|Any CPU
		{0232EBEA-19D5-42DE-8EB7-2DA5968E80EB}.Release|Any CPU.Build.0 = Release|Any CPU
		{0232EBEA-19D5-42DE-8EB7-2DA5968E80EB}.Release|x64.ActiveCfg = Release|Any CPU
		{0232EBEA-19D5-42DE-8EB7-2DA5968E80EB}.Release|x64.Build.0 = Release|Any CPU
		{0232EBEA-19D5-42DE-8EB7-2DA5968E80EB}.Release|x86.ActiveCfg = Release|Any CPU
		{0232EBEA-19D5-42DE-8EB7-2DA5968E80EB}.Release|x86.Build.0 = Release|Any CPU
		{40C32DD5-6CCE-46DC-B587-72B0CACF15DF}.Debug|Any CPU.ActiveCfg = Debug|Any CPU
		{40C32DD5-6CCE-46DC-B587-72B0CACF15DF}.Debug|Any CPU.Build.0 = Debug|Any CPU
		{40C32DD5-6CCE-46DC-B587-72B0CACF15DF}.Debug|x64.ActiveCfg = Debug|Any CPU
		{40C32DD5-6CCE-46DC-B587-72B0CACF15DF}.Debug|x64.Build.0 = Debug|Any CPU
		{40C32DD5-6CCE-46DC-B587-72B0CACF15DF}.Debug|x86.ActiveCfg = Debug|Any CPU
		{40C32DD5-6CCE-46DC-B587-72B0CACF15DF}.Debug|x86.Build.0 = Debug|Any CPU
		{40C32DD5-6CCE-46DC-B587-72B0CACF15DF}.Release|Any CPU.ActiveCfg = Release|Any CPU
		{40C32DD5-6CCE-46DC-B587-72B0CACF15DF}.Release|Any CPU.Build.0 = Release|Any CPU
		{40C32DD5-6CCE-46DC-B587-72B0CACF15DF}.Release|x64.ActiveCfg = Release|Any CPU
		{40C32DD5-6CCE-46DC-B587-72B0CACF15DF}.Release|x64.Build.0 = Release|Any CPU
		{40C32DD5-6CCE-46DC-B587-72B0CACF15DF}.Release|x86.ActiveCfg = Release|Any CPU
		{40C32DD5-6CCE-46DC-B587-72B0CACF15DF}.Release|x86.Build.0 = Release|Any CPU
		{D3A3BE1D-C029-458C-9281-540AD926679C}.Debug|Any CPU.ActiveCfg = Debug|Any CPU
		{D3A3BE1D-C029-458C-9281-540AD926679C}.Debug|Any CPU.Build.0 = Debug|Any CPU
		{D3A3BE1D-C029-458C-9281-540AD926679C}.Debug|x64.ActiveCfg = Debug|Any CPU
		{D3A3BE1D-C029-458C-9281-540AD926679C}.Debug|x64.Build.0 = Debug|Any CPU
		{D3A3BE1D-C029-458C-9281-540AD926679C}.Debug|x86.ActiveCfg = Debug|Any CPU
		{D3A3BE1D-C029-458C-9281-540AD926679C}.Debug|x86.Build.0 = Debug|Any CPU
		{D3A3BE1D-C029-458C-9281-540AD926679C}.Release|Any CPU.ActiveCfg = Release|Any CPU
		{D3A3BE1D-C029-458C-9281-540AD926679C}.Release|Any CPU.Build.0 = Release|Any CPU
		{D3A3BE1D-C029-458C-9281-540AD926679C}.Release|x64.ActiveCfg = Release|Any CPU
		{D3A3BE1D-C029-458C-9281-540AD926679C}.Release|x64.Build.0 = Release|Any CPU
		{D3A3BE1D-C029-458C-9281-540AD926679C}.Release|x86.ActiveCfg = Release|Any CPU
		{D3A3BE1D-C029-458C-9281-540AD926679C}.Release|x86.Build.0 = Release|Any CPU
		{68ECA06A-94B2-42FE-9951-7D61BA1D733B}.Debug|Any CPU.ActiveCfg = Debug|Any CPU
		{68ECA06A-94B2-42FE-9951-7D61BA1D733B}.Debug|Any CPU.Build.0 = Debug|Any CPU
		{68ECA06A-94B2-42FE-9951-7D61BA1D733B}.Debug|x64.ActiveCfg = Debug|Any CPU
		{68ECA06A-94B2-42FE-9951-7D61BA1D733B}.Debug|x64.Build.0 = Debug|Any CPU
		{68ECA06A-94B2-42FE-9951-7D61BA1D733B}.Debug|x86.ActiveCfg = Debug|Any CPU
		{68ECA06A-94B2-42FE-9951-7D61BA1D733B}.Debug|x86.Build.0 = Debug|Any CPU
		{68ECA06A-94B2-42FE-9951-7D61BA1D733B}.Release|Any CPU.ActiveCfg = Release|Any CPU
		{68ECA06A-94B2-42FE-9951-7D61BA1D733B}.Release|Any CPU.Build.0 = Release|Any CPU
		{68ECA06A-94B2-42FE-9951-7D61BA1D733B}.Release|x64.ActiveCfg = Release|Any CPU
		{68ECA06A-94B2-42FE-9951-7D61BA1D733B}.Release|x64.Build.0 = Release|Any CPU
		{68ECA06A-94B2-42FE-9951-7D61BA1D733B}.Release|x86.ActiveCfg = Release|Any CPU
		{68ECA06A-94B2-42FE-9951-7D61BA1D733B}.Release|x86.Build.0 = Release|Any CPU
		{BC5E492D-355A-4F17-A976-0AB7B6731DA8}.Debug|Any CPU.ActiveCfg = Debug|Any CPU
		{BC5E492D-355A-4F17-A976-0AB7B6731DA8}.Debug|Any CPU.Build.0 = Debug|Any CPU
		{BC5E492D-355A-4F17-A976-0AB7B6731DA8}.Debug|x64.ActiveCfg = Debug|Any CPU
		{BC5E492D-355A-4F17-A976-0AB7B6731DA8}.Debug|x64.Build.0 = Debug|Any CPU
		{BC5E492D-355A-4F17-A976-0AB7B6731DA8}.Debug|x86.ActiveCfg = Debug|Any CPU
		{BC5E492D-355A-4F17-A976-0AB7B6731DA8}.Debug|x86.Build.0 = Debug|Any CPU
		{BC5E492D-355A-4F17-A976-0AB7B6731DA8}.Release|Any CPU.ActiveCfg = Release|Any CPU
		{BC5E492D-355A-4F17-A976-0AB7B6731DA8}.Release|Any CPU.Build.0 = Release|Any CPU
		{BC5E492D-355A-4F17-A976-0AB7B6731DA8}.Release|x64.ActiveCfg = Release|Any CPU
		{BC5E492D-355A-4F17-A976-0AB7B6731DA8}.Release|x64.Build.0 = Release|Any CPU
		{BC5E492D-355A-4F17-A976-0AB7B6731DA8}.Release|x86.ActiveCfg = Release|Any CPU
		{BC5E492D-355A-4F17-A976-0AB7B6731DA8}.Release|x86.Build.0 = Release|Any CPU
	EndGlobalSection
	GlobalSection(SolutionProperties) = preSolution
		HideSolutionNode = FALSE
	EndGlobalSection
	GlobalSection(NestedProjects) = preSolution
		{D5B44610-C252-4ADE-A5A5-8C4C7A60E155} = {A8C6E752-5820-4C57-B2ED-C71003679C87}
		{64308775-BD4A-469C-BCAB-3ED830B811AF} = {A4BD60FC-CBFB-4D84-AE5D-A89442D9BEB3}
		{62A3B7FA-AA7C-42A5-82BC-3E5E54E9CA72} = {A4BD60FC-CBFB-4D84-AE5D-A89442D9BEB3}
		{1EFDC8D5-476D-4F5F-816D-A1EA2E7BA711} = {A4BD60FC-CBFB-4D84-AE5D-A89442D9BEB3}
		{0232EBEA-19D5-42DE-8EB7-2DA5968E80EB} = {5E132742-D72A-499F-87CC-362B4A6586FD}
		{40C32DD5-6CCE-46DC-B587-72B0CACF15DF} = {D83E8B06-0F36-46C0-B3C1-8E1E8261CB37}
		{D3A3BE1D-C029-458C-9281-540AD926679C} = {D83E8B06-0F36-46C0-B3C1-8E1E8261CB37}
		{68ECA06A-94B2-42FE-9951-7D61BA1D733B} = {D83E8B06-0F36-46C0-B3C1-8E1E8261CB37}
		{BC5E492D-355A-4F17-A976-0AB7B6731DA8} = {D83E8B06-0F36-46C0-B3C1-8E1E8261CB37}
	EndGlobalSection
	GlobalSection(ExtensibilityGlobals) = postSolution
		SolutionGuid = {112A446F-1F7C-4C92-82CC-CCA454F3A7CB}
	EndGlobalSection
EndGlobal
